
Microsoft Visual Studio Solution File, Format Version 12.00
# Visual Studio 15
VisualStudioVersion = 15.0.28307.106
MinimumVisualStudioVersion = 10.0.40219.1
Project("{FAE04EC0-301F-11D3-BF4B-00C04F79EFBC}") = "Uppgift 10a", "Uppgift 10a\Uppgift 10a.csproj", "{4E3BA8DA-2AE6-481F-AF95-ADDE258290D3}"
EndProject
Global
	GlobalSection(SolutionConfigurationPlatforms) = preSolution
		Debug|Any CPU = Debug|Any CPU
		Release|Any CPU = Release|Any CPU
	EndGlobalSection
	GlobalSection(ProjectConfigurationPlatforms) = postSolution
		{4E3BA8DA-2AE6-481F-AF95-ADDE258290D3}.Debug|Any CPU.ActiveCfg = Debug|Any CPU
		{4E3BA8DA-2AE6-481F-AF95-ADDE258290D3}.Debug|Any CPU.Build.0 = Debug|Any CPU
		{4E3BA8DA-2AE6-481F-AF95-ADDE258290D3}.Release|Any CPU.ActiveCfg = Release|Any CPU
		{4E3BA8DA-2AE6-481F-AF95-ADDE258290D3}.Release|Any CPU.Build.0 = Release|Any CPU
	EndGlobalSection
	GlobalSection(SolutionProperties) = preSolution
		HideSolutionNode = FALSE
	EndGlobalSection
	GlobalSection(ExtensibilityGlobals) = postSolution
		SolutionGuid = {CEC1C23F-C5A1-4CB8-99A6-EB06A41C1928}
	EndGlobalSection
EndGlobal
