
Microsoft Visual Studio Solution File, Format Version 12.00
# Visual Studio 15
VisualStudioVersion = 15.0.28307.106
MinimumVisualStudioVersion = 10.0.40219.1
Project("{FAE04EC0-301F-11D3-BF4B-00C04F79EFBC}") = "Uppgift 9a", "Uppgift 9a\Uppgift 9a.csproj", "{314B23D0-EEA8-4ACA-9F90-9BF36CF0FEDB}"
EndProject
Global
	GlobalSection(SolutionConfigurationPlatforms) = preSolution
		Debug|Any CPU = Debug|Any CPU
		Release|Any CPU = Release|Any CPU
	EndGlobalSection
	GlobalSection(ProjectConfigurationPlatforms) = postSolution
		{314B23D0-EEA8-4ACA-9F90-9BF36CF0FEDB}.Debug|Any CPU.ActiveCfg = Debug|Any CPU
		{314B23D0-EEA8-4ACA-9F90-9BF36CF0FEDB}.Debug|Any CPU.Build.0 = Debug|Any CPU
		{314B23D0-EEA8-4ACA-9F90-9BF36CF0FEDB}.Release|Any CPU.ActiveCfg = Release|Any CPU
		{314B23D0-EEA8-4ACA-9F90-9BF36CF0FEDB}.Release|Any CPU.Build.0 = Release|Any CPU
	EndGlobalSection
	GlobalSection(SolutionProperties) = preSolution
		HideSolutionNode = FALSE
	EndGlobalSection
	GlobalSection(ExtensibilityGlobals) = postSolution
		SolutionGuid = {6220B342-208C-4C84-AF2A-CC90DDDF59B6}
	EndGlobalSection
EndGlobal
