
Microsoft Visual Studio Solution File, Format Version 12.00
# Visual Studio 15
VisualStudioVersion = 15.0.28307.106
MinimumVisualStudioVersion = 10.0.40219.1
Project("{FAE04EC0-301F-11D3-BF4B-00C04F79EFBC}") = "WpfApp1", "WpfApp1\WpfApp1.csproj", "{ACE8C005-AE8E-411B-B459-19B32C49646D}"
EndProject
Global
	GlobalSection(SolutionConfigurationPlatforms) = preSolution
		Debug|Any CPU = Debug|Any CPU
		Release|Any CPU = Release|Any CPU
	EndGlobalSection
	GlobalSection(ProjectConfigurationPlatforms) = postSolution
		{ACE8C005-AE8E-411B-B459-19B32C49646D}.Debug|Any CPU.ActiveCfg = Debug|Any CPU
		{ACE8C005-AE8E-411B-B459-19B32C49646D}.Debug|Any CPU.Build.0 = Debug|Any CPU
		{ACE8C005-AE8E-411B-B459-19B32C49646D}.Release|Any CPU.ActiveCfg = Release|Any CPU
		{ACE8C005-AE8E-411B-B459-19B32C49646D}.Release|Any CPU.Build.0 = Release|Any CPU
	EndGlobalSection
	GlobalSection(SolutionProperties) = preSolution
		HideSolutionNode = FALSE
	EndGlobalSection
	GlobalSection(ExtensibilityGlobals) = postSolution
		SolutionGuid = {83A486D8-AE29-4FF4-A6C2-486905839AD7}
	EndGlobalSection
EndGlobal
